
Microsoft Visual Studio Solution File, Format Version 12.00
# Visual Studio 15
VisualStudioVersion = 15.0.28307.757
MinimumVisualStudioVersion = 10.0.40219.1
Project("{FAE04EC0-301F-11D3-BF4B-00C04F79EFBC}") = "UserPortal.Core.Entities", "UserPortal.Core.Entities\UserPortal.Core.Entities.csproj", "{34C28195-CADA-4364-A5B3-3A060D03F43F}"
EndProject
Project("{FAE04EC0-301F-11D3-BF4B-00C04F79EFBC}") = "UserPortal.Core.Services", "UserPortal.Core.Services\UserPortal.Core.Services.csproj", "{6232BB14-D368-4810-88FB-AC2D29778AF8}"
EndProject
Project("{FAE04EC0-301F-11D3-BF4B-00C04F79EFBC}") = "UserPortal.Core.Services.Interfaces", "UserPortal.Core.Services.Interfaces\UserPortal.Core.Services.Interfaces.csproj", "{92616FDE-2E88-4A6E-9DD5-8129F66D69DF}"
EndProject
Project("{FAE04EC0-301F-11D3-BF4B-00C04F79EFBC}") = "UserPortal.Infrastructure", "UserPortal.Infrastructure\UserPortal.Infrastructure.csproj", "{51575992-8FBD-4553-BE4D-FEC8E39387EE}"
EndProject
Project("{FAE04EC0-301F-11D3-BF4B-00C04F79EFBC}") = "Test", "Test\Test.csproj", "{0E410E5A-8BDE-4E51-8AED-E5410DF2AAA8}"
EndProject
Project("{FAE04EC0-301F-11D3-BF4B-00C04F79EFBC}") = "UserPortal", "UserPortal\UserPortal.csproj", "{CE9CFDBC-07B2-4296-92FF-176BD879C56F}"
EndProject
Global
	GlobalSection(SolutionConfigurationPlatforms) = preSolution
		Debug|Any CPU = Debug|Any CPU
		Release|Any CPU = Release|Any CPU
	EndGlobalSection
	GlobalSection(ProjectConfigurationPlatforms) = postSolution
		{34C28195-CADA-4364-A5B3-3A060D03F43F}.Debug|Any CPU.ActiveCfg = Debug|Any CPU
		{34C28195-CADA-4364-A5B3-3A060D03F43F}.Debug|Any CPU.Build.0 = Debug|Any CPU
		{34C28195-CADA-4364-A5B3-3A060D03F43F}.Release|Any CPU.ActiveCfg = Release|Any CPU
		{34C28195-CADA-4364-A5B3-3A060D03F43F}.Release|Any CPU.Build.0 = Release|Any CPU
		{6232BB14-D368-4810-88FB-AC2D29778AF8}.Debug|Any CPU.ActiveCfg = Debug|Any CPU
		{6232BB14-D368-4810-88FB-AC2D29778AF8}.Debug|Any CPU.Build.0 = Debug|Any CPU
		{6232BB14-D368-4810-88FB-AC2D29778AF8}.Release|Any CPU.ActiveCfg = Release|Any CPU
		{6232BB14-D368-4810-88FB-AC2D29778AF8}.Release|Any CPU.Build.0 = Release|Any CPU
		{92616FDE-2E88-4A6E-9DD5-8129F66D69DF}.Debug|Any CPU.ActiveCfg = Debug|Any CPU
		{92616FDE-2E88-4A6E-9DD5-8129F66D69DF}.Debug|Any CPU.Build.0 = Debug|Any CPU
		{92616FDE-2E88-4A6E-9DD5-8129F66D69DF}.Release|Any CPU.ActiveCfg = Release|Any CPU
		{92616FDE-2E88-4A6E-9DD5-8129F66D69DF}.Release|Any CPU.Build.0 = Release|Any CPU
		{51575992-8FBD-4553-BE4D-FEC8E39387EE}.Debug|Any CPU.ActiveCfg = Debug|Any CPU
		{51575992-8FBD-4553-BE4D-FEC8E39387EE}.Debug|Any CPU.Build.0 = Debug|Any CPU
		{51575992-8FBD-4553-BE4D-FEC8E39387EE}.Release|Any CPU.ActiveCfg = Release|Any CPU
		{51575992-8FBD-4553-BE4D-FEC8E39387EE}.Release|Any CPU.Build.0 = Release|Any CPU
		{0E410E5A-8BDE-4E51-8AED-E5410DF2AAA8}.Debug|Any CPU.ActiveCfg = Debug|Any CPU
		{0E410E5A-8BDE-4E51-8AED-E5410DF2AAA8}.Debug|Any CPU.Build.0 = Debug|Any CPU
		{0E410E5A-8BDE-4E51-8AED-E5410DF2AAA8}.Release|Any CPU.ActiveCfg = Release|Any CPU
		{0E410E5A-8BDE-4E51-8AED-E5410DF2AAA8}.Release|Any CPU.Build.0 = Release|Any CPU
		{CE9CFDBC-07B2-4296-92FF-176BD879C56F}.Debug|Any CPU.ActiveCfg = Debug|Any CPU
		{CE9CFDBC-07B2-4296-92FF-176BD879C56F}.Debug|Any CPU.Build.0 = Debug|Any CPU
		{CE9CFDBC-07B2-4296-92FF-176BD879C56F}.Release|Any CPU.ActiveCfg = Release|Any CPU
		{CE9CFDBC-07B2-4296-92FF-176BD879C56F}.Release|Any CPU.Build.0 = Release|Any CPU
	EndGlobalSection
	GlobalSection(SolutionProperties) = preSolution
		HideSolutionNode = FALSE
	EndGlobalSection
	GlobalSection(ExtensibilityGlobals) = postSolution
		SolutionGuid = {67F2016A-DC04-4237-B598-650F5B76F849}
	EndGlobalSection
EndGlobal
